
Microsoft Visual Studio Solution File, Format Version 12.00
# Visual Studio Version 16
VisualStudioVersion = 16.0.29509.3
MinimumVisualStudioVersion = 10.0.40219.1
Project("{FAE04EC0-301F-11D3-BF4B-00C04F79EFBC}") = "eZdravaIshrana_API", "eZdravaIshrana_API\eZdravaIshrana_API.csproj", "{17888643-9B84-4053-B915-58E1D2F5F3E5}"
EndProject
Project("{FAE04EC0-301F-11D3-BF4B-00C04F79EFBC}") = "eZdravaIshrana_UI", "eZdravaIshrana_UI\eZdravaIshrana_UI.csproj", "{1C5C2F50-D240-42E4-8389-B6F80B41CB77}"
EndProject
Project("{FAE04EC0-301F-11D3-BF4B-00C04F79EFBC}") = "eZdravaIshrana_PCL", "eZdravaIshrana_PCL\eZdravaIshrana_PCL.csproj", "{CCBC9897-EFFD-420C-A268-3BF39B70E9E1}"
EndProject
Project("{2150E333-8FDC-42A3-9474-1A3956D46DE8}") = "Mobile", "Mobile", "{E3629428-37EF-4987-A797-CD46B0BFD398}"
EndProject
Project("{FAE04EC0-301F-11D3-BF4B-00C04F79EFBC}") = "eZdravaIshrana_Mob.UWP", "eZdravaIshrana_Mob\eZdravaIshrana_Mob.UWP\eZdravaIshrana_Mob.UWP.csproj", "{2F4C63F1-8B4F-43DD-92EC-DBDBE0F86C6F}"
EndProject
Project("{FAE04EC0-301F-11D3-BF4B-00C04F79EFBC}") = "eZdravaIshrana_Mob.Android", "eZdravaIshrana_Mob\eZdravaIshrana_Mob.Android\eZdravaIshrana_Mob.Android.csproj", "{612DBE19-CEC4-4559-BEB2-769F952FE256}"
EndProject
Project("{FAE04EC0-301F-11D3-BF4B-00C04F79EFBC}") = "eZdravaIshrana_Mob.iOS", "eZdravaIshrana_Mob\eZdravaIshrana_Mob.iOS\eZdravaIshrana_Mob.iOS.csproj", "{0047A53A-13B8-4A5A-B64A-0038DD1DF6EA}"
EndProject
Project("{9A19103F-16F7-4668-BE54-9A1E7A4F7556}") = "eZdravaIshrana_Mob", "eZdravaIshrana_Mob\eZdravaIshrana_Mob\eZdravaIshrana_Mob.csproj", "{AF49964D-97E8-413E-901C-37D475704C5F}"
EndProject
Global
	GlobalSection(SolutionConfigurationPlatforms) = preSolution
		Ad-Hoc|Any CPU = Ad-Hoc|Any CPU
		Ad-Hoc|ARM = Ad-Hoc|ARM
		Ad-Hoc|iPhone = Ad-Hoc|iPhone
		Ad-Hoc|iPhoneSimulator = Ad-Hoc|iPhoneSimulator
		Ad-Hoc|x64 = Ad-Hoc|x64
		Ad-Hoc|x86 = Ad-Hoc|x86
		AppStore|Any CPU = AppStore|Any CPU
		AppStore|ARM = AppStore|ARM
		AppStore|iPhone = AppStore|iPhone
		AppStore|iPhoneSimulator = AppStore|iPhoneSimulator
		AppStore|x64 = AppStore|x64
		AppStore|x86 = AppStore|x86
		Debug|Any CPU = Debug|Any CPU
		Debug|ARM = Debug|ARM
		Debug|iPhone = Debug|iPhone
		Debug|iPhoneSimulator = Debug|iPhoneSimulator
		Debug|x64 = Debug|x64
		Debug|x86 = Debug|x86
		Release|Any CPU = Release|Any CPU
		Release|ARM = Release|ARM
		Release|iPhone = Release|iPhone
		Release|iPhoneSimulator = Release|iPhoneSimulator
		Release|x64 = Release|x64
		Release|x86 = Release|x86
	EndGlobalSection
	GlobalSection(ProjectConfigurationPlatforms) = postSolution
		{17888643-9B84-4053-B915-58E1D2F5F3E5}.Ad-Hoc|Any CPU.ActiveCfg = Release|Any CPU
		{17888643-9B84-4053-B915-58E1D2F5F3E5}.Ad-Hoc|Any CPU.Build.0 = Release|Any CPU
		{17888643-9B84-4053-B915-58E1D2F5F3E5}.Ad-Hoc|ARM.ActiveCfg = Release|Any CPU
		{17888643-9B84-4053-B915-58E1D2F5F3E5}.Ad-Hoc|ARM.Build.0 = Release|Any CPU
		{17888643-9B84-4053-B915-58E1D2F5F3E5}.Ad-Hoc|iPhone.ActiveCfg = Release|Any CPU
		{17888643-9B84-4053-B915-58E1D2F5F3E5}.Ad-Hoc|iPhone.Build.0 = Release|Any CPU
		{17888643-9B84-4053-B915-58E1D2F5F3E5}.Ad-Hoc|iPhoneSimulator.ActiveCfg = Release|Any CPU
		{17888643-9B84-4053-B915-58E1D2F5F3E5}.Ad-Hoc|iPhoneSimulator.Build.0 = Release|Any CPU
		{17888643-9B84-4053-B915-58E1D2F5F3E5}.Ad-Hoc|x64.ActiveCfg = Release|Any CPU
		{17888643-9B84-4053-B915-58E1D2F5F3E5}.Ad-Hoc|x64.Build.0 = Release|Any CPU
		{17888643-9B84-4053-B915-58E1D2F5F3E5}.Ad-Hoc|x86.ActiveCfg = Release|Any CPU
		{17888643-9B84-4053-B915-58E1D2F5F3E5}.Ad-Hoc|x86.Build.0 = Release|Any CPU
		{17888643-9B84-4053-B915-58E1D2F5F3E5}.AppStore|Any CPU.ActiveCfg = Release|Any CPU
		{17888643-9B84-4053-B915-58E1D2F5F3E5}.AppStore|Any CPU.Build.0 = Release|Any CPU
		{17888643-9B84-4053-B915-58E1D2F5F3E5}.AppStore|ARM.ActiveCfg = Release|Any CPU
		{17888643-9B84-4053-B915-58E1D2F5F3E5}.AppStore|ARM.Build.0 = Release|Any CPU
		{17888643-9B84-4053-B915-58E1D2F5F3E5}.AppStore|iPhone.ActiveCfg = Release|Any CPU
		{17888643-9B84-4053-B915-58E1D2F5F3E5}.AppStore|iPhone.Build.0 = Release|Any CPU
		{17888643-9B84-4053-B915-58E1D2F5F3E5}.AppStore|iPhoneSimulator.ActiveCfg = Release|Any CPU
		{17888643-9B84-4053-B915-58E1D2F5F3E5}.AppStore|iPhoneSimulator.Build.0 = Release|Any CPU
		{17888643-9B84-4053-B915-58E1D2F5F3E5}.AppStore|x64.ActiveCfg = Release|Any CPU
		{17888643-9B84-4053-B915-58E1D2F5F3E5}.AppStore|x64.Build.0 = Release|Any CPU
		{17888643-9B84-4053-B915-58E1D2F5F3E5}.AppStore|x86.ActiveCfg = Release|Any CPU
		{17888643-9B84-4053-B915-58E1D2F5F3E5}.AppStore|x86.Build.0 = Release|Any CPU
		{17888643-9B84-4053-B915-58E1D2F5F3E5}.Debug|Any CPU.ActiveCfg = Debug|Any CPU
		{17888643-9B84-4053-B915-58E1D2F5F3E5}.Debug|Any CPU.Build.0 = Debug|Any CPU
		{17888643-9B84-4053-B915-58E1D2F5F3E5}.Debug|ARM.ActiveCfg = Debug|Any CPU
		{17888643-9B84-4053-B915-58E1D2F5F3E5}.Debug|ARM.Build.0 = Debug|Any CPU
		{17888643-9B84-4053-B915-58E1D2F5F3E5}.Debug|iPhone.ActiveCfg = Debug|Any CPU
		{17888643-9B84-4053-B915-58E1D2F5F3E5}.Debug|iPhone.Build.0 = Debug|Any CPU
		{17888643-9B84-4053-B915-58E1D2F5F3E5}.Debug|iPhoneSimulator.ActiveCfg = Debug|Any CPU
		{17888643-9B84-4053-B915-58E1D2F5F3E5}.Debug|iPhoneSimulator.Build.0 = Debug|Any CPU
		{17888643-9B84-4053-B915-58E1D2F5F3E5}.Debug|x64.ActiveCfg = Debug|Any CPU
		{17888643-9B84-4053-B915-58E1D2F5F3E5}.Debug|x64.Build.0 = Debug|Any CPU
		{17888643-9B84-4053-B915-58E1D2F5F3E5}.Debug|x86.ActiveCfg = Debug|Any CPU
		{17888643-9B84-4053-B915-58E1D2F5F3E5}.Debug|x86.Build.0 = Debug|Any CPU
		{17888643-9B84-4053-B915-58E1D2F5F3E5}.Release|Any CPU.ActiveCfg = Release|Any CPU
		{17888643-9B84-4053-B915-58E1D2F5F3E5}.Release|Any CPU.Build.0 = Release|Any CPU
		{17888643-9B84-4053-B915-58E1D2F5F3E5}.Release|ARM.ActiveCfg = Release|Any CPU
		{17888643-9B84-4053-B915-58E1D2F5F3E5}.Release|ARM.Build.0 = Release|Any CPU
		{17888643-9B84-4053-B915-58E1D2F5F3E5}.Release|iPhone.ActiveCfg = Release|Any CPU
		{17888643-9B84-4053-B915-58E1D2F5F3E5}.Release|iPhone.Build.0 = Release|Any CPU
		{17888643-9B84-4053-B915-58E1D2F5F3E5}.Release|iPhoneSimulator.ActiveCfg = Release|Any CPU
		{17888643-9B84-4053-B915-58E1D2F5F3E5}.Release|iPhoneSimulator.Build.0 = Release|Any CPU
		{17888643-9B84-4053-B915-58E1D2F5F3E5}.Release|x64.ActiveCfg = Release|Any CPU
		{17888643-9B84-4053-B915-58E1D2F5F3E5}.Release|x64.Build.0 = Release|Any CPU
		{17888643-9B84-4053-B915-58E1D2F5F3E5}.Release|x86.ActiveCfg = Release|Any CPU
		{17888643-9B84-4053-B915-58E1D2F5F3E5}.Release|x86.Build.0 = Release|Any CPU
		{1C5C2F50-D240-42E4-8389-B6F80B41CB77}.Ad-Hoc|Any CPU.ActiveCfg = Release|Any CPU
		{1C5C2F50-D240-42E4-8389-B6F80B41CB77}.Ad-Hoc|Any CPU.Build.0 = Release|Any CPU
		{1C5C2F50-D240-42E4-8389-B6F80B41CB77}.Ad-Hoc|ARM.ActiveCfg = Release|Any CPU
		{1C5C2F50-D240-42E4-8389-B6F80B41CB77}.Ad-Hoc|ARM.Build.0 = Release|Any CPU
		{1C5C2F50-D240-42E4-8389-B6F80B41CB77}.Ad-Hoc|iPhone.ActiveCfg = Release|Any CPU
		{1C5C2F50-D240-42E4-8389-B6F80B41CB77}.Ad-Hoc|iPhone.Build.0 = Release|Any CPU
		{1C5C2F50-D240-42E4-8389-B6F80B41CB77}.Ad-Hoc|iPhoneSimulator.ActiveCfg = Release|Any CPU
		{1C5C2F50-D240-42E4-8389-B6F80B41CB77}.Ad-Hoc|iPhoneSimulator.Build.0 = Release|Any CPU
		{1C5C2F50-D240-42E4-8389-B6F80B41CB77}.Ad-Hoc|x64.ActiveCfg = Release|Any CPU
		{1C5C2F50-D240-42E4-8389-B6F80B41CB77}.Ad-Hoc|x64.Build.0 = Release|Any CPU
		{1C5C2F50-D240-42E4-8389-B6F80B41CB77}.Ad-Hoc|x86.ActiveCfg = Release|Any CPU
		{1C5C2F50-D240-42E4-8389-B6F80B41CB77}.Ad-Hoc|x86.Build.0 = Release|Any CPU
		{1C5C2F50-D240-42E4-8389-B6F80B41CB77}.AppStore|Any CPU.ActiveCfg = Release|Any CPU
		{1C5C2F50-D240-42E4-8389-B6F80B41CB77}.AppStore|Any CPU.Build.0 = Release|Any CPU
		{1C5C2F50-D240-42E4-8389-B6F80B41CB77}.AppStore|ARM.ActiveCfg = Release|Any CPU
		{1C5C2F50-D240-42E4-8389-B6F80B41CB77}.AppStore|ARM.Build.0 = Release|Any CPU
		{1C5C2F50-D240-42E4-8389-B6F80B41CB77}.AppStore|iPhone.ActiveCfg = Release|Any CPU
		{1C5C2F50-D240-42E4-8389-B6F80B41CB77}.AppStore|iPhone.Build.0 = Release|Any CPU
		{1C5C2F50-D240-42E4-8389-B6F80B41CB77}.AppStore|iPhoneSimulator.ActiveCfg = Release|Any CPU
		{1C5C2F50-D240-42E4-8389-B6F80B41CB77}.AppStore|iPhoneSimulator.Build.0 = Release|Any CPU
		{1C5C2F50-D240-42E4-8389-B6F80B41CB77}.AppStore|x64.ActiveCfg = Release|Any CPU
		{1C5C2F50-D240-42E4-8389-B6F80B41CB77}.AppStore|x64.Build.0 = Release|Any CPU
		{1C5C2F50-D240-42E4-8389-B6F80B41CB77}.AppStore|x86.ActiveCfg = Release|Any CPU
		{1C5C2F50-D240-42E4-8389-B6F80B41CB77}.AppStore|x86.Build.0 = Release|Any CPU
		{1C5C2F50-D240-42E4-8389-B6F80B41CB77}.Debug|Any CPU.ActiveCfg = Debug|Any CPU
		{1C5C2F50-D240-42E4-8389-B6F80B41CB77}.Debug|Any CPU.Build.0 = Debug|Any CPU
		{1C5C2F50-D240-42E4-8389-B6F80B41CB77}.Debug|ARM.ActiveCfg = Debug|Any CPU
		{1C5C2F50-D240-42E4-8389-B6F80B41CB77}.Debug|ARM.Build.0 = Debug|Any CPU
		{1C5C2F50-D240-42E4-8389-B6F80B41CB77}.Debug|iPhone.ActiveCfg = Debug|Any CPU
		{1C5C2F50-D240-42E4-8389-B6F80B41CB77}.Debug|iPhone.Build.0 = Debug|Any CPU
		{1C5C2F50-D240-42E4-8389-B6F80B41CB77}.Debug|iPhoneSimulator.ActiveCfg = Debug|Any CPU
		{1C5C2F50-D240-42E4-8389-B6F80B41CB77}.Debug|iPhoneSimulator.Build.0 = Debug|Any CPU
		{1C5C2F50-D240-42E4-8389-B6F80B41CB77}.Debug|x64.ActiveCfg = Debug|Any CPU
		{1C5C2F50-D240-42E4-8389-B6F80B41CB77}.Debug|x64.Build.0 = Debug|Any CPU
		{1C5C2F50-D240-42E4-8389-B6F80B41CB77}.Debug|x86.ActiveCfg = Debug|Any CPU
		{1C5C2F50-D240-42E4-8389-B6F80B41CB77}.Debug|x86.Build.0 = Debug|Any CPU
		{1C5C2F50-D240-42E4-8389-B6F80B41CB77}.Release|Any CPU.ActiveCfg = Release|Any CPU
		{1C5C2F50-D240-42E4-8389-B6F80B41CB77}.Release|Any CPU.Build.0 = Release|Any CPU
		{1C5C2F50-D240-42E4-8389-B6F80B41CB77}.Release|ARM.ActiveCfg = Release|Any CPU
		{1C5C2F50-D240-42E4-8389-B6F80B41CB77}.Release|ARM.Build.0 = Release|Any CPU
		{1C5C2F50-D240-42E4-8389-B6F80B41CB77}.Release|iPhone.ActiveCfg = Release|Any CPU
		{1C5C2F50-D240-42E4-8389-B6F80B41CB77}.Release|iPhone.Build.0 = Release|Any CPU
		{1C5C2F50-D240-42E4-8389-B6F80B41CB77}.Release|iPhoneSimulator.ActiveCfg = Release|Any CPU
		{1C5C2F50-D240-42E4-8389-B6F80B41CB77}.Release|iPhoneSimulator.Build.0 = Release|Any CPU
		{1C5C2F50-D240-42E4-8389-B6F80B41CB77}.Release|x64.ActiveCfg = Release|Any CPU
		{1C5C2F50-D240-42E4-8389-B6F80B41CB77}.Release|x64.Build.0 = Release|Any CPU
		{1C5C2F50-D240-42E4-8389-B6F80B41CB77}.Release|x86.ActiveCfg = Release|Any CPU
		{1C5C2F50-D240-42E4-8389-B6F80B41CB77}.Release|x86.Build.0 = Release|Any CPU
		{CCBC9897-EFFD-420C-A268-3BF39B70E9E1}.Ad-Hoc|Any CPU.ActiveCfg = Release|Any CPU
		{CCBC9897-EFFD-420C-A268-3BF39B70E9E1}.Ad-Hoc|Any CPU.Build.0 = Release|Any CPU
		{CCBC9897-EFFD-420C-A268-3BF39B70E9E1}.Ad-Hoc|ARM.ActiveCfg = Release|Any CPU
		{CCBC9897-EFFD-420C-A268-3BF39B70E9E1}.Ad-Hoc|ARM.Build.0 = Release|Any CPU
		{CCBC9897-EFFD-420C-A268-3BF39B70E9E1}.Ad-Hoc|iPhone.ActiveCfg = Release|Any CPU
		{CCBC9897-EFFD-420C-A268-3BF39B70E9E1}.Ad-Hoc|iPhone.Build.0 = Release|Any CPU
		{CCBC9897-EFFD-420C-A268-3BF39B70E9E1}.Ad-Hoc|iPhoneSimulator.ActiveCfg = Release|Any CPU
		{CCBC9897-EFFD-420C-A268-3BF39B70E9E1}.Ad-Hoc|iPhoneSimulator.Build.0 = Release|Any CPU
		{CCBC9897-EFFD-420C-A268-3BF39B70E9E1}.Ad-Hoc|x64.ActiveCfg = Release|Any CPU
		{CCBC9897-EFFD-420C-A268-3BF39B70E9E1}.Ad-Hoc|x64.Build.0 = Release|Any CPU
		{CCBC9897-EFFD-420C-A268-3BF39B70E9E1}.Ad-Hoc|x86.ActiveCfg = Release|Any CPU
		{CCBC9897-EFFD-420C-A268-3BF39B70E9E1}.Ad-Hoc|x86.Build.0 = Release|Any CPU
		{CCBC9897-EFFD-420C-A268-3BF39B70E9E1}.AppStore|Any CPU.ActiveCfg = Release|Any CPU
		{CCBC9897-EFFD-420C-A268-3BF39B70E9E1}.AppStore|Any CPU.Build.0 = Release|Any CPU
		{CCBC9897-EFFD-420C-A268-3BF39B70E9E1}.AppStore|ARM.ActiveCfg = Release|Any CPU
		{CCBC9897-EFFD-420C-A268-3BF39B70E9E1}.AppStore|ARM.Build.0 = Release|Any CPU
		{CCBC9897-EFFD-420C-A268-3BF39B70E9E1}.AppStore|iPhone.ActiveCfg = Release|Any CPU
		{CCBC9897-EFFD-420C-A268-3BF39B70E9E1}.AppStore|iPhone.Build.0 = Release|Any CPU
		{CCBC9897-EFFD-420C-A268-3BF39B70E9E1}.AppStore|iPhoneSimulator.ActiveCfg = Release|Any CPU
		{CCBC9897-EFFD-420C-A268-3BF39B70E9E1}.AppStore|iPhoneSimulator.Build.0 = Release|Any CPU
		{CCBC9897-EFFD-420C-A268-3BF39B70E9E1}.AppStore|x64.ActiveCfg = Release|Any CPU
		{CCBC9897-EFFD-420C-A268-3BF39B70E9E1}.AppStore|x64.Build.0 = Release|Any CPU
		{CCBC9897-EFFD-420C-A268-3BF39B70E9E1}.AppStore|x86.ActiveCfg = Release|Any CPU
		{CCBC9897-EFFD-420C-A268-3BF39B70E9E1}.AppStore|x86.Build.0 = Release|Any CPU
		{CCBC9897-EFFD-420C-A268-3BF39B70E9E1}.Debug|Any CPU.ActiveCfg = Debug|Any CPU
		{CCBC9897-EFFD-420C-A268-3BF39B70E9E1}.Debug|Any CPU.Build.0 = Debug|Any CPU
		{CCBC9897-EFFD-420C-A268-3BF39B70E9E1}.Debug|ARM.ActiveCfg = Debug|Any CPU
		{CCBC9897-EFFD-420C-A268-3BF39B70E9E1}.Debug|ARM.Build.0 = Debug|Any CPU
		{CCBC9897-EFFD-420C-A268-3BF39B70E9E1}.Debug|iPhone.ActiveCfg = Debug|Any CPU
		{CCBC9897-EFFD-420C-A268-3BF39B70E9E1}.Debug|iPhone.Build.0 = Debug|Any CPU
		{CCBC9897-EFFD-420C-A268-3BF39B70E9E1}.Debug|iPhoneSimulator.ActiveCfg = Debug|Any CPU
		{CCBC9897-EFFD-420C-A268-3BF39B70E9E1}.Debug|iPhoneSimulator.Build.0 = Debug|Any CPU
		{CCBC9897-EFFD-420C-A268-3BF39B70E9E1}.Debug|x64.ActiveCfg = Debug|Any CPU
		{CCBC9897-EFFD-420C-A268-3BF39B70E9E1}.Debug|x64.Build.0 = Debug|Any CPU
		{CCBC9897-EFFD-420C-A268-3BF39B70E9E1}.Debug|x86.ActiveCfg = Debug|Any CPU
		{CCBC9897-EFFD-420C-A268-3BF39B70E9E1}.Debug|x86.Build.0 = Debug|Any CPU
		{CCBC9897-EFFD-420C-A268-3BF39B70E9E1}.Release|Any CPU.ActiveCfg = Release|Any CPU
		{CCBC9897-EFFD-420C-A268-3BF39B70E9E1}.Release|Any CPU.Build.0 = Release|Any CPU
		{CCBC9897-EFFD-420C-A268-3BF39B70E9E1}.Release|ARM.ActiveCfg = Release|Any CPU
		{CCBC9897-EFFD-420C-A268-3BF39B70E9E1}.Release|ARM.Build.0 = Release|Any CPU
		{CCBC9897-EFFD-420C-A268-3BF39B70E9E1}.Release|iPhone.ActiveCfg = Release|Any CPU
		{CCBC9897-EFFD-420C-A268-3BF39B70E9E1}.Release|iPhone.Build.0 = Release|Any CPU
		{CCBC9897-EFFD-420C-A268-3BF39B70E9E1}.Release|iPhoneSimulator.ActiveCfg = Release|Any CPU
		{CCBC9897-EFFD-420C-A268-3BF39B70E9E1}.Release|iPhoneSimulator.Build.0 = Release|Any CPU
		{CCBC9897-EFFD-420C-A268-3BF39B70E9E1}.Release|x64.ActiveCfg = Release|Any CPU
		{CCBC9897-EFFD-420C-A268-3BF39B70E9E1}.Release|x64.Build.0 = Release|Any CPU
		{CCBC9897-EFFD-420C-A268-3BF39B70E9E1}.Release|x86.ActiveCfg = Release|Any CPU
		{CCBC9897-EFFD-420C-A268-3BF39B70E9E1}.Release|x86.Build.0 = Release|Any CPU
		{2F4C63F1-8B4F-43DD-92EC-DBDBE0F86C6F}.Ad-Hoc|Any CPU.ActiveCfg = Release|x86
		{2F4C63F1-8B4F-43DD-92EC-DBDBE0F86C6F}.Ad-Hoc|Any CPU.Build.0 = Release|x86
		{2F4C63F1-8B4F-43DD-92EC-DBDBE0F86C6F}.Ad-Hoc|Any CPU.Deploy.0 = Release|x86
		{2F4C63F1-8B4F-43DD-92EC-DBDBE0F86C6F}.Ad-Hoc|ARM.ActiveCfg = Release|ARM
		{2F4C63F1-8B4F-43DD-92EC-DBDBE0F86C6F}.Ad-Hoc|ARM.Build.0 = Release|ARM
		{2F4C63F1-8B4F-43DD-92EC-DBDBE0F86C6F}.Ad-Hoc|ARM.Deploy.0 = Release|ARM
		{2F4C63F1-8B4F-43DD-92EC-DBDBE0F86C6F}.Ad-Hoc|iPhone.ActiveCfg = Release|x86
		{2F4C63F1-8B4F-43DD-92EC-DBDBE0F86C6F}.Ad-Hoc|iPhone.Build.0 = Release|x86
		{2F4C63F1-8B4F-43DD-92EC-DBDBE0F86C6F}.Ad-Hoc|iPhone.Deploy.0 = Release|x86
		{2F4C63F1-8B4F-43DD-92EC-DBDBE0F86C6F}.Ad-Hoc|iPhoneSimulator.ActiveCfg = Release|x86
		{2F4C63F1-8B4F-43DD-92EC-DBDBE0F86C6F}.Ad-Hoc|iPhoneSimulator.Build.0 = Release|x86
		{2F4C63F1-8B4F-43DD-92EC-DBDBE0F86C6F}.Ad-Hoc|iPhoneSimulator.Deploy.0 = Release|x86
		{2F4C63F1-8B4F-43DD-92EC-DBDBE0F86C6F}.Ad-Hoc|x64.ActiveCfg = Release|x64
		{2F4C63F1-8B4F-43DD-92EC-DBDBE0F86C6F}.Ad-Hoc|x64.Build.0 = Release|x64
		{2F4C63F1-8B4F-43DD-92EC-DBDBE0F86C6F}.Ad-Hoc|x64.Deploy.0 = Release|x64
		{2F4C63F1-8B4F-43DD-92EC-DBDBE0F86C6F}.Ad-Hoc|x86.ActiveCfg = Release|x86
		{2F4C63F1-8B4F-43DD-92EC-DBDBE0F86C6F}.Ad-Hoc|x86.Build.0 = Release|x86
		{2F4C63F1-8B4F-43DD-92EC-DBDBE0F86C6F}.Ad-Hoc|x86.Deploy.0 = Release|x86
		{2F4C63F1-8B4F-43DD-92EC-DBDBE0F86C6F}.AppStore|Any CPU.ActiveCfg = Release|x86
		{2F4C63F1-8B4F-43DD-92EC-DBDBE0F86C6F}.AppStore|Any CPU.Build.0 = Release|x86
		{2F4C63F1-8B4F-43DD-92EC-DBDBE0F86C6F}.AppStore|Any CPU.Deploy.0 = Release|x86
		{2F4C63F1-8B4F-43DD-92EC-DBDBE0F86C6F}.AppStore|ARM.ActiveCfg = Release|ARM
		{2F4C63F1-8B4F-43DD-92EC-DBDBE0F86C6F}.AppStore|ARM.Build.0 = Release|ARM
		{2F4C63F1-8B4F-43DD-92EC-DBDBE0F86C6F}.AppStore|ARM.Deploy.0 = Release|ARM
		{2F4C63F1-8B4F-43DD-92EC-DBDBE0F86C6F}.AppStore|iPhone.ActiveCfg = Release|x86
		{2F4C63F1-8B4F-43DD-92EC-DBDBE0F86C6F}.AppStore|iPhone.Build.0 = Release|x86
		{2F4C63F1-8B4F-43DD-92EC-DBDBE0F86C6F}.AppStore|iPhone.Deploy.0 = Release|x86
		{2F4C63F1-8B4F-43DD-92EC-DBDBE0F86C6F}.AppStore|iPhoneSimulator.ActiveCfg = Release|x86
		{2F4C63F1-8B4F-43DD-92EC-DBDBE0F86C6F}.AppStore|iPhoneSimulator.Build.0 = Release|x86
		{2F4C63F1-8B4F-43DD-92EC-DBDBE0F86C6F}.AppStore|iPhoneSimulator.Deploy.0 = Release|x86
		{2F4C63F1-8B4F-43DD-92EC-DBDBE0F86C6F}.AppStore|x64.ActiveCfg = Release|x64
		{2F4C63F1-8B4F-43DD-92EC-DBDBE0F86C6F}.AppStore|x64.Build.0 = Release|x64
		{2F4C63F1-8B4F-43DD-92EC-DBDBE0F86C6F}.AppStore|x64.Deploy.0 = Release|x64
		{2F4C63F1-8B4F-43DD-92EC-DBDBE0F86C6F}.AppStore|x86.ActiveCfg = Release|x86
		{2F4C63F1-8B4F-43DD-92EC-DBDBE0F86C6F}.AppStore|x86.Build.0 = Release|x86
		{2F4C63F1-8B4F-43DD-92EC-DBDBE0F86C6F}.AppStore|x86.Deploy.0 = Release|x86
		{2F4C63F1-8B4F-43DD-92EC-DBDBE0F86C6F}.Debug|Any CPU.ActiveCfg = Debug|x86
		{2F4C63F1-8B4F-43DD-92EC-DBDBE0F86C6F}.Debug|ARM.ActiveCfg = Debug|ARM
		{2F4C63F1-8B4F-43DD-92EC-DBDBE0F86C6F}.Debug|ARM.Build.0 = Debug|ARM
		{2F4C63F1-8B4F-43DD-92EC-DBDBE0F86C6F}.Debug|ARM.Deploy.0 = Debug|ARM
		{2F4C63F1-8B4F-43DD-92EC-DBDBE0F86C6F}.Debug|iPhone.ActiveCfg = Debug|x86
		{2F4C63F1-8B4F-43DD-92EC-DBDBE0F86C6F}.Debug|iPhoneSimulator.ActiveCfg = Debug|x86
		{2F4C63F1-8B4F-43DD-92EC-DBDBE0F86C6F}.Debug|x64.ActiveCfg = Debug|x64
		{2F4C63F1-8B4F-43DD-92EC-DBDBE0F86C6F}.Debug|x64.Build.0 = Debug|x64
		{2F4C63F1-8B4F-43DD-92EC-DBDBE0F86C6F}.Debug|x64.Deploy.0 = Debug|x64
		{2F4C63F1-8B4F-43DD-92EC-DBDBE0F86C6F}.Debug|x86.ActiveCfg = Debug|x86
		{2F4C63F1-8B4F-43DD-92EC-DBDBE0F86C6F}.Debug|x86.Build.0 = Debug|x86
		{2F4C63F1-8B4F-43DD-92EC-DBDBE0F86C6F}.Debug|x86.Deploy.0 = Debug|x86
		{2F4C63F1-8B4F-43DD-92EC-DBDBE0F86C6F}.Release|Any CPU.ActiveCfg = Release|x86
		{2F4C63F1-8B4F-43DD-92EC-DBDBE0F86C6F}.Release|ARM.ActiveCfg = Release|ARM
		{2F4C63F1-8B4F-43DD-92EC-DBDBE0F86C6F}.Release|ARM.Build.0 = Release|ARM
		{2F4C63F1-8B4F-43DD-92EC-DBDBE0F86C6F}.Release|ARM.Deploy.0 = Release|ARM
		{2F4C63F1-8B4F-43DD-92EC-DBDBE0F86C6F}.Release|iPhone.ActiveCfg = Release|x86
		{2F4C63F1-8B4F-43DD-92EC-DBDBE0F86C6F}.Release|iPhoneSimulator.ActiveCfg = Release|x86
		{2F4C63F1-8B4F-43DD-92EC-DBDBE0F86C6F}.Release|x64.ActiveCfg = Release|x64
		{2F4C63F1-8B4F-43DD-92EC-DBDBE0F86C6F}.Release|x64.Build.0 = Release|x64
		{2F4C63F1-8B4F-43DD-92EC-DBDBE0F86C6F}.Release|x64.Deploy.0 = Release|x64
		{2F4C63F1-8B4F-43DD-92EC-DBDBE0F86C6F}.Release|x86.ActiveCfg = Release|x86
		{2F4C63F1-8B4F-43DD-92EC-DBDBE0F86C6F}.Release|x86.Build.0 = Release|x86
		{2F4C63F1-8B4F-43DD-92EC-DBDBE0F86C6F}.Release|x86.Deploy.0 = Release|x86
		{612DBE19-CEC4-4559-BEB2-769F952FE256}.Ad-Hoc|Any CPU.ActiveCfg = Release|Any CPU
		{612DBE19-CEC4-4559-BEB2-769F952FE256}.Ad-Hoc|Any CPU.Build.0 = Release|Any CPU
		{612DBE19-CEC4-4559-BEB2-769F952FE256}.Ad-Hoc|Any CPU.Deploy.0 = Release|Any CPU
		{612DBE19-CEC4-4559-BEB2-769F952FE256}.Ad-Hoc|ARM.ActiveCfg = Release|Any CPU
		{612DBE19-CEC4-4559-BEB2-769F952FE256}.Ad-Hoc|ARM.Build.0 = Release|Any CPU
		{612DBE19-CEC4-4559-BEB2-769F952FE256}.Ad-Hoc|ARM.Deploy.0 = Release|Any CPU
		{612DBE19-CEC4-4559-BEB2-769F952FE256}.Ad-Hoc|iPhone.ActiveCfg = Release|Any CPU
		{612DBE19-CEC4-4559-BEB2-769F952FE256}.Ad-Hoc|iPhone.Build.0 = Release|Any CPU
		{612DBE19-CEC4-4559-BEB2-769F952FE256}.Ad-Hoc|iPhone.Deploy.0 = Release|Any CPU
		{612DBE19-CEC4-4559-BEB2-769F952FE256}.Ad-Hoc|iPhoneSimulator.ActiveCfg = Release|Any CPU
		{612DBE19-CEC4-4559-BEB2-769F952FE256}.Ad-Hoc|iPhoneSimulator.Build.0 = Release|Any CPU
		{612DBE19-CEC4-4559-BEB2-769F952FE256}.Ad-Hoc|iPhoneSimulator.Deploy.0 = Release|Any CPU
		{612DBE19-CEC4-4559-BEB2-769F952FE256}.Ad-Hoc|x64.ActiveCfg = Release|Any CPU
		{612DBE19-CEC4-4559-BEB2-769F952FE256}.Ad-Hoc|x64.Build.0 = Release|Any CPU
		{612DBE19-CEC4-4559-BEB2-769F952FE256}.Ad-Hoc|x64.Deploy.0 = Release|Any CPU
		{612DBE19-CEC4-4559-BEB2-769F952FE256}.Ad-Hoc|x86.ActiveCfg = Release|Any CPU
		{612DBE19-CEC4-4559-BEB2-769F952FE256}.Ad-Hoc|x86.Build.0 = Release|Any CPU
		{612DBE19-CEC4-4559-BEB2-769F952FE256}.Ad-Hoc|x86.Deploy.0 = Release|Any CPU
		{612DBE19-CEC4-4559-BEB2-769F952FE256}.AppStore|Any CPU.ActiveCfg = Release|Any CPU
		{612DBE19-CEC4-4559-BEB2-769F952FE256}.AppStore|Any CPU.Build.0 = Release|Any CPU
		{612DBE19-CEC4-4559-BEB2-769F952FE256}.AppStore|Any CPU.Deploy.0 = Release|Any CPU
		{612DBE19-CEC4-4559-BEB2-769F952FE256}.AppStore|ARM.ActiveCfg = Release|Any CPU
		{612DBE19-CEC4-4559-BEB2-769F952FE256}.AppStore|ARM.Build.0 = Release|Any CPU
		{612DBE19-CEC4-4559-BEB2-769F952FE256}.AppStore|ARM.Deploy.0 = Release|Any CPU
		{612DBE19-CEC4-4559-BEB2-769F952FE256}.AppStore|iPhone.ActiveCfg = Release|Any CPU
		{612DBE19-CEC4-4559-BEB2-769F952FE256}.AppStore|iPhone.Build.0 = Release|Any CPU
		{612DBE19-CEC4-4559-BEB2-769F952FE256}.AppStore|iPhone.Deploy.0 = Release|Any CPU
		{612DBE19-CEC4-4559-BEB2-769F952FE256}.AppStore|iPhoneSimulator.ActiveCfg = Release|Any CPU
		{612DBE19-CEC4-4559-BEB2-769F952FE256}.AppStore|iPhoneSimulator.Build.0 = Release|Any CPU
		{612DBE19-CEC4-4559-BEB2-769F952FE256}.AppStore|iPhoneSimulator.Deploy.0 = Release|Any CPU
		{612DBE19-CEC4-4559-BEB2-769F952FE256}.AppStore|x64.ActiveCfg = Release|Any CPU
		{612DBE19-CEC4-4559-BEB2-769F952FE256}.AppStore|x64.Build.0 = Release|Any CPU
		{612DBE19-CEC4-4559-BEB2-769F952FE256}.AppStore|x64.Deploy.0 = Release|Any CPU
		{612DBE19-CEC4-4559-BEB2-769F952FE256}.AppStore|x86.ActiveCfg = Release|Any CPU
		{612DBE19-CEC4-4559-BEB2-769F952FE256}.AppStore|x86.Build.0 = Release|Any CPU
		{612DBE19-CEC4-4559-BEB2-769F952FE256}.AppStore|x86.Deploy.0 = Release|Any CPU
		{612DBE19-CEC4-4559-BEB2-769F952FE256}.Debug|Any CPU.ActiveCfg = Debug|Any CPU
		{612DBE19-CEC4-4559-BEB2-769F952FE256}.Debug|Any CPU.Build.0 = Debug|Any CPU
		{612DBE19-CEC4-4559-BEB2-769F952FE256}.Debug|Any CPU.Deploy.0 = Debug|Any CPU
		{612DBE19-CEC4-4559-BEB2-769F952FE256}.Debug|ARM.ActiveCfg = Debug|Any CPU
		{612DBE19-CEC4-4559-BEB2-769F952FE256}.Debug|ARM.Build.0 = Debug|Any CPU
		{612DBE19-CEC4-4559-BEB2-769F952FE256}.Debug|ARM.Deploy.0 = Debug|Any CPU
		{612DBE19-CEC4-4559-BEB2-769F952FE256}.Debug|iPhone.ActiveCfg = Debug|Any CPU
		{612DBE19-CEC4-4559-BEB2-769F952FE256}.Debug|iPhone.Build.0 = Debug|Any CPU
		{612DBE19-CEC4-4559-BEB2-769F952FE256}.Debug|iPhone.Deploy.0 = Debug|Any CPU
		{612DBE19-CEC4-4559-BEB2-769F952FE256}.Debug|iPhoneSimulator.ActiveCfg = Debug|Any CPU
		{612DBE19-CEC4-4559-BEB2-769F952FE256}.Debug|iPhoneSimulator.Build.0 = Debug|Any CPU
		{612DBE19-CEC4-4559-BEB2-769F952FE256}.Debug|iPhoneSimulator.Deploy.0 = Debug|Any CPU
		{612DBE19-CEC4-4559-BEB2-769F952FE256}.Debug|x64.ActiveCfg = Debug|Any CPU
		{612DBE19-CEC4-4559-BEB2-769F952FE256}.Debug|x64.Build.0 = Debug|Any CPU
		{612DBE19-CEC4-4559-BEB2-769F952FE256}.Debug|x64.Deploy.0 = Debug|Any CPU
		{612DBE19-CEC4-4559-BEB2-769F952FE256}.Debug|x86.ActiveCfg = Debug|Any CPU
		{612DBE19-CEC4-4559-BEB2-769F952FE256}.Debug|x86.Build.0 = Debug|Any CPU
		{612DBE19-CEC4-4559-BEB2-769F952FE256}.Debug|x86.Deploy.0 = Debug|Any CPU
		{612DBE19-CEC4-4559-BEB2-769F952FE256}.Release|Any CPU.ActiveCfg = Release|Any CPU
		{612DBE19-CEC4-4559-BEB2-769F952FE256}.Release|Any CPU.Build.0 = Release|Any CPU
		{612DBE19-CEC4-4559-BEB2-769F952FE256}.Release|Any CPU.Deploy.0 = Release|Any CPU
		{612DBE19-CEC4-4559-BEB2-769F952FE256}.Release|ARM.ActiveCfg = Release|Any CPU
		{612DBE19-CEC4-4559-BEB2-769F952FE256}.Release|ARM.Build.0 = Release|Any CPU
		{612DBE19-CEC4-4559-BEB2-769F952FE256}.Release|ARM.Deploy.0 = Release|Any CPU
		{612DBE19-CEC4-4559-BEB2-769F952FE256}.Release|iPhone.ActiveCfg = Release|Any CPU
		{612DBE19-CEC4-4559-BEB2-769F952FE256}.Release|iPhone.Build.0 = Release|Any CPU
		{612DBE19-CEC4-4559-BEB2-769F952FE256}.Release|iPhone.Deploy.0 = Release|Any CPU
		{612DBE19-CEC4-4559-BEB2-769F952FE256}.Release|iPhoneSimulator.ActiveCfg = Release|Any CPU
		{612DBE19-CEC4-4559-BEB2-769F952FE256}.Release|iPhoneSimulator.Build.0 = Release|Any CPU
		{612DBE19-CEC4-4559-BEB2-769F952FE256}.Release|iPhoneSimulator.Deploy.0 = Release|Any CPU
		{612DBE19-CEC4-4559-BEB2-769F952FE256}.Release|x64.ActiveCfg = Release|Any CPU
		{612DBE19-CEC4-4559-BEB2-769F952FE256}.Release|x64.Build.0 = Release|Any CPU
		{612DBE19-CEC4-4559-BEB2-769F952FE256}.Release|x64.Deploy.0 = Release|Any CPU
		{612DBE19-CEC4-4559-BEB2-769F952FE256}.Release|x86.ActiveCfg = Release|Any CPU
		{612DBE19-CEC4-4559-BEB2-769F952FE256}.Release|x86.Build.0 = Release|Any CPU
		{612DBE19-CEC4-4559-BEB2-769F952FE256}.Release|x86.Deploy.0 = Release|Any CPU
		{0047A53A-13B8-4A5A-B64A-0038DD1DF6EA}.Ad-Hoc|Any CPU.ActiveCfg = Release|iPhone
		{0047A53A-13B8-4A5A-B64A-0038DD1DF6EA}.Ad-Hoc|Any CPU.Build.0 = Release|iPhone
		{0047A53A-13B8-4A5A-B64A-0038DD1DF6EA}.Ad-Hoc|ARM.ActiveCfg = Release|iPhone
		{0047A53A-13B8-4A5A-B64A-0038DD1DF6EA}.Ad-Hoc|ARM.Build.0 = Release|iPhone
		{0047A53A-13B8-4A5A-B64A-0038DD1DF6EA}.Ad-Hoc|iPhone.ActiveCfg = Release|iPhone
		{0047A53A-13B8-4A5A-B64A-0038DD1DF6EA}.Ad-Hoc|iPhone.Build.0 = Release|iPhone
		{0047A53A-13B8-4A5A-B64A-0038DD1DF6EA}.Ad-Hoc|iPhoneSimulator.ActiveCfg = Release|iPhoneSimulator
		{0047A53A-13B8-4A5A-B64A-0038DD1DF6EA}.Ad-Hoc|iPhoneSimulator.Build.0 = Release|iPhoneSimulator
		{0047A53A-13B8-4A5A-B64A-0038DD1DF6EA}.Ad-Hoc|x64.ActiveCfg = Release|iPhone
		{0047A53A-13B8-4A5A-B64A-0038DD1DF6EA}.Ad-Hoc|x64.Build.0 = Release|iPhone
		{0047A53A-13B8-4A5A-B64A-0038DD1DF6EA}.Ad-Hoc|x86.ActiveCfg = Release|iPhone
		{0047A53A-13B8-4A5A-B64A-0038DD1DF6EA}.Ad-Hoc|x86.Build.0 = Release|iPhone
		{0047A53A-13B8-4A5A-B64A-0038DD1DF6EA}.AppStore|Any CPU.ActiveCfg = Release|iPhone
		{0047A53A-13B8-4A5A-B64A-0038DD1DF6EA}.AppStore|Any CPU.Build.0 = Release|iPhone
		{0047A53A-13B8-4A5A-B64A-0038DD1DF6EA}.AppStore|ARM.ActiveCfg = Release|iPhone
		{0047A53A-13B8-4A5A-B64A-0038DD1DF6EA}.AppStore|ARM.Build.0 = Release|iPhone
		{0047A53A-13B8-4A5A-B64A-0038DD1DF6EA}.AppStore|iPhone.ActiveCfg = Release|iPhone
		{0047A53A-13B8-4A5A-B64A-0038DD1DF6EA}.AppStore|iPhone.Build.0 = Release|iPhone
		{0047A53A-13B8-4A5A-B64A-0038DD1DF6EA}.AppStore|iPhoneSimulator.ActiveCfg = Release|iPhoneSimulator
		{0047A53A-13B8-4A5A-B64A-0038DD1DF6EA}.AppStore|iPhoneSimulator.Build.0 = Release|iPhoneSimulator
		{0047A53A-13B8-4A5A-B64A-0038DD1DF6EA}.AppStore|x64.ActiveCfg = Release|iPhone
		{0047A53A-13B8-4A5A-B64A-0038DD1DF6EA}.AppStore|x64.Build.0 = Release|iPhone
		{0047A53A-13B8-4A5A-B64A-0038DD1DF6EA}.AppStore|x86.ActiveCfg = Release|iPhone
		{0047A53A-13B8-4A5A-B64A-0038DD1DF6EA}.AppStore|x86.Build.0 = Release|iPhone
		{0047A53A-13B8-4A5A-B64A-0038DD1DF6EA}.Debug|Any CPU.ActiveCfg = Debug|iPhone
		{0047A53A-13B8-4A5A-B64A-0038DD1DF6EA}.Debug|ARM.ActiveCfg = Debug|iPhone
		{0047A53A-13B8-4A5A-B64A-0038DD1DF6EA}.Debug|iPhone.ActiveCfg = Debug|iPhone
		{0047A53A-13B8-4A5A-B64A-0038DD1DF6EA}.Debug|iPhone.Build.0 = Debug|iPhone
		{0047A53A-13B8-4A5A-B64A-0038DD1DF6EA}.Debug|iPhoneSimulator.ActiveCfg = Debug|iPhoneSimulator
		{0047A53A-13B8-4A5A-B64A-0038DD1DF6EA}.Debug|iPhoneSimulator.Build.0 = Debug|iPhoneSimulator
		{0047A53A-13B8-4A5A-B64A-0038DD1DF6EA}.Debug|x64.ActiveCfg = Debug|iPhone
		{0047A53A-13B8-4A5A-B64A-0038DD1DF6EA}.Debug|x86.ActiveCfg = Debug|iPhone
		{0047A53A-13B8-4A5A-B64A-0038DD1DF6EA}.Release|Any CPU.ActiveCfg = Release|iPhone
		{0047A53A-13B8-4A5A-B64A-0038DD1DF6EA}.Release|ARM.ActiveCfg = Release|iPhone
		{0047A53A-13B8-4A5A-B64A-0038DD1DF6EA}.Release|iPhone.ActiveCfg = Release|iPhone
		{0047A53A-13B8-4A5A-B64A-0038DD1DF6EA}.Release|iPhone.Build.0 = Release|iPhone
		{0047A53A-13B8-4A5A-B64A-0038DD1DF6EA}.Release|iPhoneSimulator.ActiveCfg = Release|iPhoneSimulator
		{0047A53A-13B8-4A5A-B64A-0038DD1DF6EA}.Release|iPhoneSimulator.Build.0 = Release|iPhoneSimulator
		{0047A53A-13B8-4A5A-B64A-0038DD1DF6EA}.Release|x64.ActiveCfg = Release|iPhone
		{0047A53A-13B8-4A5A-B64A-0038DD1DF6EA}.Release|x86.ActiveCfg = Release|iPhone
		{AF49964D-97E8-413E-901C-37D475704C5F}.Ad-Hoc|Any CPU.ActiveCfg = Debug|Any CPU
		{AF49964D-97E8-413E-901C-37D475704C5F}.Ad-Hoc|Any CPU.Build.0 = Debug|Any CPU
		{AF49964D-97E8-413E-901C-37D475704C5F}.Ad-Hoc|ARM.ActiveCfg = Debug|Any CPU
		{AF49964D-97E8-413E-901C-37D475704C5F}.Ad-Hoc|ARM.Build.0 = Debug|Any CPU
		{AF49964D-97E8-413E-901C-37D475704C5F}.Ad-Hoc|iPhone.ActiveCfg = Debug|Any CPU
		{AF49964D-97E8-413E-901C-37D475704C5F}.Ad-Hoc|iPhone.Build.0 = Debug|Any CPU
		{AF49964D-97E8-413E-901C-37D475704C5F}.Ad-Hoc|iPhoneSimulator.ActiveCfg = Debug|Any CPU
		{AF49964D-97E8-413E-901C-37D475704C5F}.Ad-Hoc|iPhoneSimulator.Build.0 = Debug|Any CPU
		{AF49964D-97E8-413E-901C-37D475704C5F}.Ad-Hoc|x64.ActiveCfg = Debug|Any CPU
		{AF49964D-97E8-413E-901C-37D475704C5F}.Ad-Hoc|x64.Build.0 = Debug|Any CPU
		{AF49964D-97E8-413E-901C-37D475704C5F}.Ad-Hoc|x86.ActiveCfg = Debug|Any CPU
		{AF49964D-97E8-413E-901C-37D475704C5F}.Ad-Hoc|x86.Build.0 = Debug|Any CPU
		{AF49964D-97E8-413E-901C-37D475704C5F}.AppStore|Any CPU.ActiveCfg = Debug|Any CPU
		{AF49964D-97E8-413E-901C-37D475704C5F}.AppStore|Any CPU.Build.0 = Debug|Any CPU
		{AF49964D-97E8-413E-901C-37D475704C5F}.AppStore|ARM.ActiveCfg = Debug|Any CPU
		{AF49964D-97E8-413E-901C-37D475704C5F}.AppStore|ARM.Build.0 = Debug|Any CPU
		{AF49964D-97E8-413E-901C-37D475704C5F}.AppStore|iPhone.ActiveCfg = Debug|Any CPU
		{AF49964D-97E8-413E-901C-37D475704C5F}.AppStore|iPhone.Build.0 = Debug|Any CPU
		{AF49964D-97E8-413E-901C-37D475704C5F}.AppStore|iPhoneSimulator.ActiveCfg = Debug|Any CPU
		{AF49964D-97E8-413E-901C-37D475704C5F}.AppStore|iPhoneSimulator.Build.0 = Debug|Any CPU
		{AF49964D-97E8-413E-901C-37D475704C5F}.AppStore|x64.ActiveCfg = Debug|Any CPU
		{AF49964D-97E8-413E-901C-37D475704C5F}.AppStore|x64.Build.0 = Debug|Any CPU
		{AF49964D-97E8-413E-901C-37D475704C5F}.AppStore|x86.ActiveCfg = Debug|Any CPU
		{AF49964D-97E8-413E-901C-37D475704C5F}.AppStore|x86.Build.0 = Debug|Any CPU
		{AF49964D-97E8-413E-901C-37D475704C5F}.Debug|Any CPU.ActiveCfg = Debug|Any CPU
		{AF49964D-97E8-413E-901C-37D475704C5F}.Debug|Any CPU.Build.0 = Debug|Any CPU
		{AF49964D-97E8-413E-901C-37D475704C5F}.Debug|ARM.ActiveCfg = Debug|Any CPU
		{AF49964D-97E8-413E-901C-37D475704C5F}.Debug|ARM.Build.0 = Debug|Any CPU
		{AF49964D-97E8-413E-901C-37D475704C5F}.Debug|iPhone.ActiveCfg = Debug|Any CPU
		{AF49964D-97E8-413E-901C-37D475704C5F}.Debug|iPhone.Build.0 = Debug|Any CPU
		{AF49964D-97E8-413E-901C-37D475704C5F}.Debug|iPhoneSimulator.ActiveCfg = Debug|Any CPU
		{AF49964D-97E8-413E-901C-37D475704C5F}.Debug|iPhoneSimulator.Build.0 = Debug|Any CPU
		{AF49964D-97E8-413E-901C-37D475704C5F}.Debug|x64.ActiveCfg = Debug|Any CPU
		{AF49964D-97E8-413E-901C-37D475704C5F}.Debug|x64.Build.0 = Debug|Any CPU
		{AF49964D-97E8-413E-901C-37D475704C5F}.Debug|x86.ActiveCfg = Debug|Any CPU
		{AF49964D-97E8-413E-901C-37D475704C5F}.Debug|x86.Build.0 = Debug|Any CPU
		{AF49964D-97E8-413E-901C-37D475704C5F}.Release|Any CPU.ActiveCfg = Release|Any CPU
		{AF49964D-97E8-413E-901C-37D475704C5F}.Release|Any CPU.Build.0 = Release|Any CPU
		{AF49964D-97E8-413E-901C-37D475704C5F}.Release|ARM.ActiveCfg = Release|Any CPU
		{AF49964D-97E8-413E-901C-37D475704C5F}.Release|ARM.Build.0 = Release|Any CPU
		{AF49964D-97E8-413E-901C-37D475704C5F}.Release|iPhone.ActiveCfg = Release|Any CPU
		{AF49964D-97E8-413E-901C-37D475704C5F}.Release|iPhone.Build.0 = Release|Any CPU
		{AF49964D-97E8-413E-901C-37D475704C5F}.Release|iPhoneSimulator.ActiveCfg = Release|Any CPU
		{AF49964D-97E8-413E-901C-37D475704C5F}.Release|iPhoneSimulator.Build.0 = Release|Any CPU
		{AF49964D-97E8-413E-901C-37D475704C5F}.Release|x64.ActiveCfg = Release|Any CPU
		{AF49964D-97E8-413E-901C-37D475704C5F}.Release|x64.Build.0 = Release|Any CPU
		{AF49964D-97E8-413E-901C-37D475704C5F}.Release|x86.ActiveCfg = Release|Any CPU
		{AF49964D-97E8-413E-901C-37D475704C5F}.Release|x86.Build.0 = Release|Any CPU
	EndGlobalSection
	GlobalSection(SolutionProperties) = preSolution
		HideSolutionNode = FALSE
	EndGlobalSection
	GlobalSection(NestedProjects) = preSolution
		{2F4C63F1-8B4F-43DD-92EC-DBDBE0F86C6F} = {E3629428-37EF-4987-A797-CD46B0BFD398}
		{612DBE19-CEC4-4559-BEB2-769F952FE256} = {E3629428-37EF-4987-A797-CD46B0BFD398}
		{0047A53A-13B8-4A5A-B64A-0038DD1DF6EA} = {E3629428-37EF-4987-A797-CD46B0BFD398}
		{AF49964D-97E8-413E-901C-37D475704C5F} = {E3629428-37EF-4987-A797-CD46B0BFD398}
	EndGlobalSection
	GlobalSection(ExtensibilityGlobals) = postSolution
		SolutionGuid = {B9D9933F-C895-421F-9059-9CD0B86A9029}
	EndGlobalSection
EndGlobal
